
Microsoft Visual Studio Solution File, Format Version 12.00
# Visual Studio Version 17
VisualStudioVersion = 17.7.34024.191
MinimumVisualStudioVersion = 10.0.40219.1
Project("{FAE04EC0-301F-11D3-BF4B-00C04F79EFBC}") = "Domain", "Domain\Domain.csproj", "{91725A0C-D1D9-4A58-9F5D-39ACEC751A3B}"
EndProject
Project("{FAE04EC0-301F-11D3-BF4B-00C04F79EFBC}") = "Application", "Application\Application.csproj", "{1FBABC31-766E-4702-8472-4D335C1DC7C8}"
EndProject
Project("{FAE04EC0-301F-11D3-BF4B-00C04F79EFBC}") = "Infrastructure", "Infrastructure\Infrastructure.csproj", "{F028A369-2214-4001-9CC7-3B0BE21FE844}"
EndProject
Global
	GlobalSection(SolutionConfigurationPlatforms) = preSolution
		Debug|Any CPU = Debug|Any CPU
		Release|Any CPU = Release|Any CPU
	EndGlobalSection
	GlobalSection(ProjectConfigurationPlatforms) = postSolution
		{91725A0C-D1D9-4A58-9F5D-39ACEC751A3B}.Debug|Any CPU.ActiveCfg = Debug|Any CPU
		{91725A0C-D1D9-4A58-9F5D-39ACEC751A3B}.Debug|Any CPU.Build.0 = Debug|Any CPU
		{91725A0C-D1D9-4A58-9F5D-39ACEC751A3B}.Release|Any CPU.ActiveCfg = Release|Any CPU
		{91725A0C-D1D9-4A58-9F5D-39ACEC751A3B}.Release|Any CPU.Build.0 = Release|Any CPU
		{1FBABC31-766E-4702-8472-4D335C1DC7C8}.Debug|Any CPU.ActiveCfg = Debug|Any CPU
		{1FBABC31-766E-4702-8472-4D335C1DC7C8}.Debug|Any CPU.Build.0 = Debug|Any CPU
		{1FBABC31-766E-4702-8472-4D335C1DC7C8}.Release|Any CPU.ActiveCfg = Release|Any CPU
		{1FBABC31-766E-4702-8472-4D335C1DC7C8}.Release|Any CPU.Build.0 = Release|Any CPU
		{F028A369-2214-4001-9CC7-3B0BE21FE844}.Debug|Any CPU.ActiveCfg = Debug|Any CPU
		{F028A369-2214-4001-9CC7-3B0BE21FE844}.Debug|Any CPU.Build.0 = Debug|Any CPU
		{F028A369-2214-4001-9CC7-3B0BE21FE844}.Release|Any CPU.ActiveCfg = Release|Any CPU
		{F028A369-2214-4001-9CC7-3B0BE21FE844}.Release|Any CPU.Build.0 = Release|Any CPU
	EndGlobalSection
	GlobalSection(SolutionProperties) = preSolution
		HideSolutionNode = FALSE
	EndGlobalSection
	GlobalSection(ExtensibilityGlobals) = postSolution
		SolutionGuid = {FE8B4CAD-8B29-4C6C-B5BD-306C2730E554}
	EndGlobalSection
EndGlobal
